
Microsoft Visual Studio Solution File, Format Version 12.00
# Visual Studio Version 17
VisualStudioVersion = 17.5.002.0
MinimumVisualStudioVersion = 10.0.40219.1
Project("{9A19103F-16F7-4668-BE54-9A1E7A4F7556}") = "csharp-projeto-musical", "csharp-projeto-musical.csproj", "{1ADB4B78-CBB8-4BDD-8AEE-DA3884652557}"
EndProject
Global
	GlobalSection(SolutionConfigurationPlatforms) = preSolution
		Debug|Any CPU = Debug|Any CPU
		Release|Any CPU = Release|Any CPU
	EndGlobalSection
	GlobalSection(ProjectConfigurationPlatforms) = postSolution
		{1ADB4B78-CBB8-4BDD-8AEE-DA3884652557}.Debug|Any CPU.ActiveCfg = Debug|Any CPU
		{1ADB4B78-CBB8-4BDD-8AEE-DA3884652557}.Debug|Any CPU.Build.0 = Debug|Any CPU
		{1ADB4B78-CBB8-4BDD-8AEE-DA3884652557}.Release|Any CPU.ActiveCfg = Release|Any CPU
		{1ADB4B78-CBB8-4BDD-8AEE-DA3884652557}.Release|Any CPU.Build.0 = Release|Any CPU
	EndGlobalSection
	GlobalSection(SolutionProperties) = preSolution
		HideSolutionNode = FALSE
	EndGlobalSection
	GlobalSection(ExtensibilityGlobals) = postSolution
		SolutionGuid = {0EA55BFF-ADDF-4226-AC2B-CFB641D4C19F}
	EndGlobalSection
EndGlobal
